
Microsoft Visual Studio Solution File, Format Version 12.00
# Visual Studio Version 17
VisualStudioVersion = 17.9.34607.119
MinimumVisualStudioVersion = 10.0.40219.1
Project("{FAE04EC0-301F-11D3-BF4B-00C04F79EFBC}") = "Masterpage_Demo", "Masterpage_Demo\Masterpage_Demo.csproj", "{E9AFD8B6-A6AE-40BB-8416-0723FAAA8EF7}"
EndProject
Global
	GlobalSection(SolutionConfigurationPlatforms) = preSolution
		Debug|Any CPU = Debug|Any CPU
		Release|Any CPU = Release|Any CPU
	EndGlobalSection
	GlobalSection(ProjectConfigurationPlatforms) = postSolution
		{E9AFD8B6-A6AE-40BB-8416-0723FAAA8EF7}.Debug|Any CPU.ActiveCfg = Debug|Any CPU
		{E9AFD8B6-A6AE-40BB-8416-0723FAAA8EF7}.Debug|Any CPU.Build.0 = Debug|Any CPU
		{E9AFD8B6-A6AE-40BB-8416-0723FAAA8EF7}.Release|Any CPU.ActiveCfg = Release|Any CPU
		{E9AFD8B6-A6AE-40BB-8416-0723FAAA8EF7}.Release|Any CPU.Build.0 = Release|Any CPU
	EndGlobalSection
	GlobalSection(SolutionProperties) = preSolution
		HideSolutionNode = FALSE
	EndGlobalSection
	GlobalSection(ExtensibilityGlobals) = postSolution
		SolutionGuid = {B1D2A856-C466-458D-A962-BE488B7C0054}
	EndGlobalSection
EndGlobal
